
Microsoft Visual Studio Solution File, Format Version 12.00
# Visual Studio Version 16
VisualStudioVersion = 16.0.32413.511
MinimumVisualStudioVersion = 10.0.40219.1
Project("{9A19103F-16F7-4668-BE54-9A1E7A4F7556}") = "ConsoleSpider", "ConsoleSpider.csproj", "{FCEE4F55-D9F9-42F1-B729-31D3CD72CCD4}"
EndProject
Global
	GlobalSection(SolutionConfigurationPlatforms) = preSolution
		Debug|Any CPU = Debug|Any CPU
		Release|Any CPU = Release|Any CPU
	EndGlobalSection
	GlobalSection(ProjectConfigurationPlatforms) = postSolution
		{FCEE4F55-D9F9-42F1-B729-31D3CD72CCD4}.Debug|Any CPU.ActiveCfg = Debug|Any CPU
		{FCEE4F55-D9F9-42F1-B729-31D3CD72CCD4}.Debug|Any CPU.Build.0 = Debug|Any CPU
		{FCEE4F55-D9F9-42F1-B729-31D3CD72CCD4}.Release|Any CPU.ActiveCfg = Release|Any CPU
		{FCEE4F55-D9F9-42F1-B729-31D3CD72CCD4}.Release|Any CPU.Build.0 = Release|Any CPU
	EndGlobalSection
	GlobalSection(SolutionProperties) = preSolution
		HideSolutionNode = FALSE
	EndGlobalSection
	GlobalSection(ExtensibilityGlobals) = postSolution
		SolutionGuid = {0DAC6146-DAA6-4AD8-B017-4421461032FF}
	EndGlobalSection
EndGlobal
